<?xml version="1.0" encoding="utf-8"?>
<Project ToolsVersion="4.0" xmlns="http://schemas.microsoft.com/developer/msbuild/2003">
  <ItemGroup>
    <Filter Include="Source Files">
      <UniqueIdentifier>{4FC737F1-C7A5-4376-A066-2A32D752A2FF}</UniqueIdentifier>
      <Extensions>cpp;c;cc;cxx;c++;cppm;ixx;def;odl;idl;hpj;bat;asm;asmx</Extensions>
    </Filter>
    <Filter Include="Header Files">
      <UniqueIdentifier>{93995380-89BD-4b04-88EB-625FBE52EBFB}</UniqueIdentifier>
      <Extensions>h;hh;hpp;hxx;h++;hm;inl;inc;ipp;xsd</Extensions>
    </Filter>
    <Filter Include="Resource Files">
      <UniqueIdentifier>{67DA6AB6-F800-4c08-8B7A-83BB121AAD01}</UniqueIdentifier>
      <Extensions>rc;ico;cur;bmp;dlg;rc2;rct;bin;rgs;gif;jpg;jpeg;jpe;resx;tiff;tif;png;wav;mfcribbon-ms</Extensions>
    </Filter>
  </ItemGroup>
  <ItemGroup>
    <ClCompile Include="customercontroller.cpp">
      <Filter>Source Files</Filter>
    </ClCompile>
    <ClCompile Include="customer.cpp">
      <Filter>Source Files</Filter>
    </ClCompile>
    <ClCompile Include="main.cpp">
      <Filter>Source Files</Filter>
    </ClCompile>
    <ClCompile Include="customersigninview.cpp">
      <Filter>Source Files</Filter>
    </ClCompile>
    <ClCompile Include="customerdatabase.cpp">
      <Filter>Source Files</Filter>
    </ClCompile>
    <ClCompile Include="customerloginview.cpp">
      <Filter>Source Files</Filter>
    </ClCompile>
    <ClCompile Include="employee.cpp">
      <Filter>Source Files</Filter>
    </ClCompile>
    <ClCompile Include="employeecontroller.cpp">
      <Filter>Source Files</Filter>
    </ClCompile>
    <ClCompile Include="employeesigninview.cpp">
      <Filter>Source Files</Filter>
    </ClCompile>
    <ClCompile Include="user.cpp">
      <Filter>Source Files</Filter>
    </ClCompile>
    <ClCompile Include="employeedatabase.cpp">
      <Filter>Source Files</Filter>
    </ClCompile>
    <ClCompile Include="employeeloginview.cpp">
      <Filter>Source Files</Filter>
    </ClCompile>
    <ClCompile Include="admin.cpp">
      <Filter>Source Files</Filter>
    </ClCompile>
    <ClCompile Include="adminloginview.cpp">
      <Filter>Source Files</Filter>
    </ClCompile>
    <ClCompile Include="booking.cpp">
      <Filter>Source Files</Filter>
    </ClCompile>
    <ClCompile Include="bookingcontroller.cpp">
      <Filter>Source Files</Filter>
    </ClCompile>
    <ClCompile Include="bookingdatabase.cpp">
      <Filter>Source Files</Filter>
    </ClCompile>
    <ClCompile Include="trip.cpp">
      <Filter>Source Files</Filter>
    </ClCompile>
    <ClCompile Include="tripcontroller.cpp">
      <Filter>Source Files</Filter>
    </ClCompile>
    <ClCompile Include="tripdatabase.cpp">
      <Filter>Source Files</Filter>
    </ClCompile>
    <ClCompile Include="bookingview.cpp">
      <Filter>Source Files</Filter>
    </ClCompile>
    <ClCompile Include="hotel.cpp">
      <Filter>Source Files</Filter>
    </ClCompile>
    <ClCompile Include="hotelcontroller.cpp">
      <Filter>Source Files</Filter>
    </ClCompile>
    <ClCompile Include="hoteldatabase.cpp">
      <Filter>Source Files</Filter>
    </ClCompile>
  </ItemGroup>
  <ItemGroup>
    <None Include="employeedata.txt" />
    <None Include="customerdata.txt">
      <Filter>Source Files</Filter>
    </None>
    <None Include="tripdata.txt" />
    <None Include="unapprovedbookings.txt" />
    <None Include="approvedbookings.txt" />
    <None Include="cancelledBookings.txt" />
    <None Include="hoteldata.txt" />
  </ItemGroup>
  <ItemGroup>
    <ClInclude Include="user.h">
      <Filter>Header Files</Filter>
    </ClInclude>
    <ClInclude Include="employeesigninview.h">
      <Filter>Header Files</Filter>
    </ClInclude>
    <ClInclude Include="employeeloginview.h">
      <Filter>Header Files</Filter>
    </ClInclude>
    <ClInclude Include="employeedatabase.h">
      <Filter>Header Files</Filter>
    </ClInclude>
    <ClInclude Include="employeecontroller.h">
      <Filter>Header Files</Filter>
    </ClInclude>
    <ClInclude Include="employee.h">
      <Filter>Header Files</Filter>
    </ClInclude>
    <ClInclude Include="customersigninview.h">
      <Filter>Header Files</Filter>
    </ClInclude>
    <ClInclude Include="customerloginview.h">
      <Filter>Header Files</Filter>
    </ClInclude>
    <ClInclude Include="customerdatabase.h">
      <Filter>Header Files</Filter>
    </ClInclude>
    <ClInclude Include="customercontroller.h">
      <Filter>Header Files</Filter>
    </ClInclude>
    <ClInclude Include="customer.h">
      <Filter>Header Files</Filter>
    </ClInclude>
    <ClInclude Include="admin.h">
      <Filter>Header Files</Filter>
    </ClInclude>
    <ClInclude Include="adminloginview.h">
      <Filter>Header Files</Filter>
    </ClInclude>
    <ClInclude Include="booking.h">
      <Filter>Header Files</Filter>
    </ClInclude>
    <ClInclude Include="bookingcontroller.h">
      <Filter>Header Files</Filter>
    </ClInclude>
    <ClInclude Include="bookingdatabase.h">
      <Filter>Header Files</Filter>
    </ClInclude>
    <ClInclude Include="trip.h">
      <Filter>Header Files</Filter>
    </ClInclude>
    <ClInclude Include="tripcontroller.h">
      <Filter>Header Files</Filter>
    </ClInclude>
    <ClInclude Include="tripdatabase.h">
      <Filter>Header Files</Filter>
    </ClInclude>
    <ClInclude Include="bookingview.h">
      <Filter>Header Files</Filter>
    </ClInclude>
    <ClInclude Include="Hotel.h">
      <Filter>Header Files</Filter>
    </ClInclude>
    <ClInclude Include="hotelcontroller.h">
      <Filter>Header Files</Filter>
    </ClInclude>
    <ClInclude Include="hoteldatabase.h">
      <Filter>Header Files</Filter>
    </ClInclude>
  </ItemGroup>
</Project>